
Microsoft Visual Studio Solution File, Format Version 12.00
# Visual Studio Version 16
VisualStudioVersion = 16.0.31313.79
MinimumVisualStudioVersion = 10.0.40219.1
Project("{FAE04EC0-301F-11D3-BF4B-00C04F79EFBC}") = "ColorManager.Api", "ColorManager.Api\ColorManager.Api.csproj", "{AAACB2BA-56F2-4C5F-9CC2-BE4BAFD3D657}"
EndProject
Global
	GlobalSection(SolutionConfigurationPlatforms) = preSolution
		Debug|Any CPU = Debug|Any CPU
		Release|Any CPU = Release|Any CPU
	EndGlobalSection
	GlobalSection(ProjectConfigurationPlatforms) = postSolution
		{AAACB2BA-56F2-4C5F-9CC2-BE4BAFD3D657}.Debug|Any CPU.ActiveCfg = Debug|Any CPU
		{AAACB2BA-56F2-4C5F-9CC2-BE4BAFD3D657}.Debug|Any CPU.Build.0 = Debug|Any CPU
		{AAACB2BA-56F2-4C5F-9CC2-BE4BAFD3D657}.Release|Any CPU.ActiveCfg = Release|Any CPU
		{AAACB2BA-56F2-4C5F-9CC2-BE4BAFD3D657}.Release|Any CPU.Build.0 = Release|Any CPU
	EndGlobalSection
	GlobalSection(SolutionProperties) = preSolution
		HideSolutionNode = FALSE
	EndGlobalSection
	GlobalSection(ExtensibilityGlobals) = postSolution
		SolutionGuid = {B0B37AA9-9E78-438A-B175-408E574E9D68}
	EndGlobalSection
EndGlobal
